{
  "requires": true,
  "lockfileVersion": 1,
  "dependencies": {
    "angular-webstorage-service": {
      "version": "1.0.2",
      "resolved": "https://registry.npmjs.org/angular-webstorage-service/-/angular-webstorage-service-1.0.2.tgz",
      "integrity": "sha512-LPTAW+P3DlACdCfOd2Cpg4jqciIIfsIZjQafVl5IrjrcoplpUiOImrKo+R0jfVIZ/V04OJWKDDGqLm9YraDIcw=="
    }
  }
}
